
Microsoft Visual Studio Solution File, Format Version 12.00
# Visual Studio 15
VisualStudioVersion = 15.0.28010.2016
MinimumVisualStudioVersion = 10.0.40219.1
Project("{FAE04EC0-301F-11D3-BF4B-00C04F79EFBC}") = "Server", "Server\Server.csproj", "{BE0AD794-A5B9-4042-9A8E-DEF886D5722F}"
EndProject
Project("{FAE04EC0-301F-11D3-BF4B-00C04F79EFBC}") = "Client", "Client\Client.csproj", "{4E01F6E3-5B9A-4781-B903-0F1D5ECE5372}"
EndProject
Global
	GlobalSection(SolutionConfigurationPlatforms) = preSolution
		Debug|Any CPU = Debug|Any CPU
		Release|Any CPU = Release|Any CPU
	EndGlobalSection
	GlobalSection(ProjectConfigurationPlatforms) = postSolution
		{BE0AD794-A5B9-4042-9A8E-DEF886D5722F}.Debug|Any CPU.ActiveCfg = Debug|Any CPU
		{BE0AD794-A5B9-4042-9A8E-DEF886D5722F}.Debug|Any CPU.Build.0 = Debug|Any CPU
		{BE0AD794-A5B9-4042-9A8E-DEF886D5722F}.Release|Any CPU.ActiveCfg = Release|Any CPU
		{BE0AD794-A5B9-4042-9A8E-DEF886D5722F}.Release|Any CPU.Build.0 = Release|Any CPU
		{4E01F6E3-5B9A-4781-B903-0F1D5ECE5372}.Debug|Any CPU.ActiveCfg = Debug|Any CPU
		{4E01F6E3-5B9A-4781-B903-0F1D5ECE5372}.Debug|Any CPU.Build.0 = Debug|Any CPU
		{4E01F6E3-5B9A-4781-B903-0F1D5ECE5372}.Release|Any CPU.ActiveCfg = Release|Any CPU
		{4E01F6E3-5B9A-4781-B903-0F1D5ECE5372}.Release|Any CPU.Build.0 = Release|Any CPU
	EndGlobalSection
	GlobalSection(SolutionProperties) = preSolution
		HideSolutionNode = FALSE
	EndGlobalSection
	GlobalSection(ExtensibilityGlobals) = postSolution
		SolutionGuid = {31CD977D-1562-4E62-9A8A-C2FD9DECACE3}
	EndGlobalSection
EndGlobal
